
Microsoft Visual Studio Solution File, Format Version 12.00
# Visual Studio Version 17
VisualStudioVersion = 17.7.34031.279
MinimumVisualStudioVersion = 10.0.40219.1
Project("{FAE04EC0-301F-11D3-BF4B-00C04F79EFBC}") = "ConAppStoringDataUsingOOPs", "ConAppStoringDataUsingOOPs\ConAppStoringDataUsingOOPs.csproj", "{0DD7FF7B-C28F-47E0-9B78-ABEAD719ABB1}"
EndProject
Global
	GlobalSection(SolutionConfigurationPlatforms) = preSolution
		Debug|Any CPU = Debug|Any CPU
		Release|Any CPU = Release|Any CPU
	EndGlobalSection
	GlobalSection(ProjectConfigurationPlatforms) = postSolution
		{0DD7FF7B-C28F-47E0-9B78-ABEAD719ABB1}.Debug|Any CPU.ActiveCfg = Debug|Any CPU
		{0DD7FF7B-C28F-47E0-9B78-ABEAD719ABB1}.Debug|Any CPU.Build.0 = Debug|Any CPU
		{0DD7FF7B-C28F-47E0-9B78-ABEAD719ABB1}.Release|Any CPU.ActiveCfg = Release|Any CPU
		{0DD7FF7B-C28F-47E0-9B78-ABEAD719ABB1}.Release|Any CPU.Build.0 = Release|Any CPU
	EndGlobalSection
	GlobalSection(SolutionProperties) = preSolution
		HideSolutionNode = FALSE
	EndGlobalSection
	GlobalSection(ExtensibilityGlobals) = postSolution
		SolutionGuid = {74330AE3-44C4-46EA-A7A0-7F5AFA684255}
	EndGlobalSection
EndGlobal
